
Microsoft Visual Studio Solution File, Format Version 12.00
# Visual Studio Version 17
VisualStudioVersion = 17.3.32819.101
MinimumVisualStudioVersion = 10.0.40219.1
Project("{9A19103F-16F7-4668-BE54-9A1E7A4F7556}") = "ImageOptimApi", "ImageOptimApi\ImageOptimApi.csproj", "{927E51B9-8362-4E70-B23F-E81E88E7388E}"
EndProject
Project("{9A19103F-16F7-4668-BE54-9A1E7A4F7556}") = "ImageOptimApi.Console", "ImageOptimApi.Console\ImageOptimApi.Console.csproj", "{EA457304-3FD4-48B1-A799-F2809FDA2089}"
EndProject
Project("{2150E333-8FDC-42A3-9474-1A3956D46DE8}") = "Solution Items", "Solution Items", "{EB39057B-296F-4585-B3E0-302BB9626E73}"
	ProjectSection(SolutionItems) = preProject
		.editorconfig = .editorconfig
		.gitattributes = .gitattributes
		build.bash = build.bash
		.github\workflows\build.yml = .github\workflows\build.yml
		Dockerfile = Dockerfile
		.github\workflows\packages.yml = .github\workflows\packages.yml
		README.md = README.md
	EndProjectSection
EndProject
Global
	GlobalSection(SolutionConfigurationPlatforms) = preSolution
		Debug|Any CPU = Debug|Any CPU
		Release|Any CPU = Release|Any CPU
	EndGlobalSection
	GlobalSection(ProjectConfigurationPlatforms) = postSolution
		{927E51B9-8362-4E70-B23F-E81E88E7388E}.Debug|Any CPU.ActiveCfg = Debug|Any CPU
		{927E51B9-8362-4E70-B23F-E81E88E7388E}.Debug|Any CPU.Build.0 = Debug|Any CPU
		{927E51B9-8362-4E70-B23F-E81E88E7388E}.Release|Any CPU.ActiveCfg = Release|Any CPU
		{927E51B9-8362-4E70-B23F-E81E88E7388E}.Release|Any CPU.Build.0 = Release|Any CPU
		{EA457304-3FD4-48B1-A799-F2809FDA2089}.Debug|Any CPU.ActiveCfg = Debug|Any CPU
		{EA457304-3FD4-48B1-A799-F2809FDA2089}.Debug|Any CPU.Build.0 = Debug|Any CPU
		{EA457304-3FD4-48B1-A799-F2809FDA2089}.Release|Any CPU.ActiveCfg = Release|Any CPU
		{EA457304-3FD4-48B1-A799-F2809FDA2089}.Release|Any CPU.Build.0 = Release|Any CPU
	EndGlobalSection
	GlobalSection(SolutionProperties) = preSolution
		HideSolutionNode = FALSE
	EndGlobalSection
	GlobalSection(ExtensibilityGlobals) = postSolution
		SolutionGuid = {87E0D81B-CD5A-48B1-99F9-55209D5C109A}
	EndGlobalSection
EndGlobal
